
Microsoft Visual Studio Solution File, Format Version 12.00
# Visual Studio Version 17
VisualStudioVersion = 17.8.34511.84
MinimumVisualStudioVersion = 10.0.40219.1
Project("{9A19103F-16F7-4668-BE54-9A1E7A4F7556}") = "HoneyHome", "HoneyHome\HoneyHome.csproj", "{28743EBC-3210-4106-AF39-32E44DA8703B}"
EndProject
Project("{9A19103F-16F7-4668-BE54-9A1E7A4F7556}") = "LampSwitcher", "LampSwitcher\LampSwitcher.csproj", "{A62BCE88-37D0-4227-A27E-6BE00C432D4D}"
EndProject
Project("{FAE04EC0-301F-11D3-BF4B-00C04F79EFBC}") = "PluginSDK", "PluginSDK\PluginSDK.csproj", "{729FE21D-346C-4EFB-9841-D90140A2DC39}"
EndProject
Project("{FAE04EC0-301F-11D3-BF4B-00C04F79EFBC}") = "TempDetector", "TempDetector\TempDetector.csproj", "{6A298597-C794-443F-8CF6-853FE73A81C0}"
EndProject
Project("{FAE04EC0-301F-11D3-BF4B-00C04F79EFBC}") = "Weather", "Weather\Weather.csproj", "{7F1568C0-0E17-4D2D-8631-176C9070F173}"
EndProject
Project("{FAE04EC0-301F-11D3-BF4B-00C04F79EFBC}") = "Voltage", "Voltage\Voltage.csproj", "{29F76FF9-504E-4EF4-955A-0E5C6EBD9F6F}"
EndProject
Project("{FAE04EC0-301F-11D3-BF4B-00C04F79EFBC}") = "Security", "Security\Security.csproj", "{F673D418-0C32-427B-9443-FACECB8422AA}"
EndProject
Global
	GlobalSection(SolutionConfigurationPlatforms) = preSolution
		Debug|Any CPU = Debug|Any CPU
		Release|Any CPU = Release|Any CPU
	EndGlobalSection
	GlobalSection(ProjectConfigurationPlatforms) = postSolution
		{28743EBC-3210-4106-AF39-32E44DA8703B}.Debug|Any CPU.ActiveCfg = Debug|Any CPU
		{28743EBC-3210-4106-AF39-32E44DA8703B}.Debug|Any CPU.Build.0 = Debug|Any CPU
		{28743EBC-3210-4106-AF39-32E44DA8703B}.Release|Any CPU.ActiveCfg = Release|Any CPU
		{28743EBC-3210-4106-AF39-32E44DA8703B}.Release|Any CPU.Build.0 = Release|Any CPU
		{A62BCE88-37D0-4227-A27E-6BE00C432D4D}.Debug|Any CPU.ActiveCfg = Debug|Any CPU
		{A62BCE88-37D0-4227-A27E-6BE00C432D4D}.Debug|Any CPU.Build.0 = Debug|Any CPU
		{A62BCE88-37D0-4227-A27E-6BE00C432D4D}.Release|Any CPU.ActiveCfg = Release|Any CPU
		{A62BCE88-37D0-4227-A27E-6BE00C432D4D}.Release|Any CPU.Build.0 = Release|Any CPU
		{729FE21D-346C-4EFB-9841-D90140A2DC39}.Debug|Any CPU.ActiveCfg = Debug|Any CPU
		{729FE21D-346C-4EFB-9841-D90140A2DC39}.Debug|Any CPU.Build.0 = Debug|Any CPU
		{729FE21D-346C-4EFB-9841-D90140A2DC39}.Release|Any CPU.ActiveCfg = Release|Any CPU
		{729FE21D-346C-4EFB-9841-D90140A2DC39}.Release|Any CPU.Build.0 = Release|Any CPU
		{6A298597-C794-443F-8CF6-853FE73A81C0}.Debug|Any CPU.ActiveCfg = Debug|Any CPU
		{6A298597-C794-443F-8CF6-853FE73A81C0}.Debug|Any CPU.Build.0 = Debug|Any CPU
		{6A298597-C794-443F-8CF6-853FE73A81C0}.Release|Any CPU.ActiveCfg = Release|Any CPU
		{6A298597-C794-443F-8CF6-853FE73A81C0}.Release|Any CPU.Build.0 = Release|Any CPU
		{7F1568C0-0E17-4D2D-8631-176C9070F173}.Debug|Any CPU.ActiveCfg = Debug|Any CPU
		{7F1568C0-0E17-4D2D-8631-176C9070F173}.Debug|Any CPU.Build.0 = Debug|Any CPU
		{7F1568C0-0E17-4D2D-8631-176C9070F173}.Release|Any CPU.ActiveCfg = Release|Any CPU
		{7F1568C0-0E17-4D2D-8631-176C9070F173}.Release|Any CPU.Build.0 = Release|Any CPU
		{29F76FF9-504E-4EF4-955A-0E5C6EBD9F6F}.Debug|Any CPU.ActiveCfg = Debug|Any CPU
		{29F76FF9-504E-4EF4-955A-0E5C6EBD9F6F}.Debug|Any CPU.Build.0 = Debug|Any CPU
		{29F76FF9-504E-4EF4-955A-0E5C6EBD9F6F}.Release|Any CPU.ActiveCfg = Release|Any CPU
		{29F76FF9-504E-4EF4-955A-0E5C6EBD9F6F}.Release|Any CPU.Build.0 = Release|Any CPU
		{F673D418-0C32-427B-9443-FACECB8422AA}.Debug|Any CPU.ActiveCfg = Debug|Any CPU
		{F673D418-0C32-427B-9443-FACECB8422AA}.Debug|Any CPU.Build.0 = Debug|Any CPU
		{F673D418-0C32-427B-9443-FACECB8422AA}.Release|Any CPU.ActiveCfg = Release|Any CPU
		{F673D418-0C32-427B-9443-FACECB8422AA}.Release|Any CPU.Build.0 = Release|Any CPU
	EndGlobalSection
	GlobalSection(SolutionProperties) = preSolution
		HideSolutionNode = FALSE
	EndGlobalSection
	GlobalSection(ExtensibilityGlobals) = postSolution
		SolutionGuid = {B30F0232-C3CD-45FA-8039-880EFE7E55AE}
	EndGlobalSection
EndGlobal
